
Microsoft Visual Studio Solution File, Format Version 12.00
# Visual Studio Version 17
VisualStudioVersion = 17.7.34221.43
MinimumVisualStudioVersion = 10.0.40219.1
Project("{FAE04EC0-301F-11D3-BF4B-00C04F79EFBC}") = "Sayfa126Uygulama3", "Sayfa126Uygulama3\Sayfa126Uygulama3.csproj", "{B339F17C-7421-4D06-9391-55A3476E18E8}"
EndProject
Global
	GlobalSection(SolutionConfigurationPlatforms) = preSolution
		Debug|Any CPU = Debug|Any CPU
		Release|Any CPU = Release|Any CPU
	EndGlobalSection
	GlobalSection(ProjectConfigurationPlatforms) = postSolution
		{B339F17C-7421-4D06-9391-55A3476E18E8}.Debug|Any CPU.ActiveCfg = Debug|Any CPU
		{B339F17C-7421-4D06-9391-55A3476E18E8}.Debug|Any CPU.Build.0 = Debug|Any CPU
		{B339F17C-7421-4D06-9391-55A3476E18E8}.Release|Any CPU.ActiveCfg = Release|Any CPU
		{B339F17C-7421-4D06-9391-55A3476E18E8}.Release|Any CPU.Build.0 = Release|Any CPU
	EndGlobalSection
	GlobalSection(SolutionProperties) = preSolution
		HideSolutionNode = FALSE
	EndGlobalSection
	GlobalSection(ExtensibilityGlobals) = postSolution
		SolutionGuid = {F9BB6668-35DE-4BB5-9B1A-EA5B9AAD1903}
	EndGlobalSection
EndGlobal
